
Microsoft Visual Studio Solution File, Format Version 12.00
# Visual Studio Version 16
VisualStudioVersion = 16.0.30002.166
MinimumVisualStudioVersion = 10.0.40219.1
Project("{FAE04EC0-301F-11D3-BF4B-00C04F79EFBC}") = "Redis-Learn", "Redis-Learn\Redis-Learn.csproj", "{BBF5505F-1ACC-40C4-8606-8FD98B0C2689}"
EndProject
Global
	GlobalSection(SolutionConfigurationPlatforms) = preSolution
		Debug|Any CPU = Debug|Any CPU
		Release|Any CPU = Release|Any CPU
	EndGlobalSection
	GlobalSection(ProjectConfigurationPlatforms) = postSolution
		{BBF5505F-1ACC-40C4-8606-8FD98B0C2689}.Debug|Any CPU.ActiveCfg = Debug|Any CPU
		{BBF5505F-1ACC-40C4-8606-8FD98B0C2689}.Debug|Any CPU.Build.0 = Debug|Any CPU
		{BBF5505F-1ACC-40C4-8606-8FD98B0C2689}.Release|Any CPU.ActiveCfg = Release|Any CPU
		{BBF5505F-1ACC-40C4-8606-8FD98B0C2689}.Release|Any CPU.Build.0 = Release|Any CPU
	EndGlobalSection
	GlobalSection(SolutionProperties) = preSolution
		HideSolutionNode = FALSE
	EndGlobalSection
	GlobalSection(ExtensibilityGlobals) = postSolution
		SolutionGuid = {FE535056-6E72-4789-B0EB-3042A716A627}
	EndGlobalSection
EndGlobal
